
Microsoft Visual Studio Solution File, Format Version 12.00
# Visual Studio Version 16
VisualStudioVersion = 16.0.31321.278
MinimumVisualStudioVersion = 10.0.40219.1
Project("{FAE04EC0-301F-11D3-BF4B-00C04F79EFBC}") = "EmployeeMGT", "EmployeeMGT\EmployeeMGT.csproj", "{5ADFA29F-A91E-438D-87E6-BC6A7A9CBEC2}"
EndProject
Global
	GlobalSection(SolutionConfigurationPlatforms) = preSolution
		Debug|Any CPU = Debug|Any CPU
		Release|Any CPU = Release|Any CPU
	EndGlobalSection
	GlobalSection(ProjectConfigurationPlatforms) = postSolution
		{5ADFA29F-A91E-438D-87E6-BC6A7A9CBEC2}.Debug|Any CPU.ActiveCfg = Debug|Any CPU
		{5ADFA29F-A91E-438D-87E6-BC6A7A9CBEC2}.Debug|Any CPU.Build.0 = Debug|Any CPU
		{5ADFA29F-A91E-438D-87E6-BC6A7A9CBEC2}.Release|Any CPU.ActiveCfg = Release|Any CPU
		{5ADFA29F-A91E-438D-87E6-BC6A7A9CBEC2}.Release|Any CPU.Build.0 = Release|Any CPU
	EndGlobalSection
	GlobalSection(SolutionProperties) = preSolution
		HideSolutionNode = FALSE
	EndGlobalSection
	GlobalSection(ExtensibilityGlobals) = postSolution
		SolutionGuid = {CFCE1059-B060-4608-ACB9-45AE17171582}
	EndGlobalSection
EndGlobal
